block
srcmirror = sqlite3-$C sqlite3-$C.tar.gz
vcs = fossil
repository = https://sqlite.org/src
version-3.6.10 = 21b720cc9b9f88b8262c85c58287dd01486c936e
time-3.6.10 = 2009-01-15 17:04:24
version-3.6.15 = aff34826aa4667d24f0dbc8bea828dc0f84d2108
time-3.6.15 = 2009-06-15 03:28:58
version-3.7.2 = 42537b60566f288167f1b5864a5435986838e3a3
time-3.7.2 = 2010-08-24 00:40:48
version-3.7.4 = a586a4deeb25330037a49df295b36aaf624d0f45
time-3.7.4 = 2010-12-07 20:14:09
version-3.7.5 = ed759d5a9edb3bba5f48f243df47be29e3fe8cd7
time-3.7.5 = 2011-02-01 00:04:29
version-3.7.6 = f9d43fa363d54beab6f45db005abac0a7c0c47a7
time-3.7.6 = 2011-04-12 01:58:40
version-3.7.6.1 = a35e83eac7b185f4d363d7fa51677f2fdfa27695
time-3.7.6.1 = 2011-04-13 14:40:25
version-3.7.6.2 = 154ddbc17120be2915eb03edc52af1225eb7cb5e
time-3.7.6.2 = 2011-04-17 17:25:17
version-3.7.6.3 = ed1da510a239ea767a01dc332b667119fa3c908e
time-3.7.6.3 = 2011-05-19 13:26:54
version-3.7.7 = 4374b7e83ea0a3fbc3691f9c0c936272862f32f2
time-3.7.7 = 2011-06-23 19:49:22
version-3.7.7.1 = af0d91adf497f5f36ec3813f04235a6e195a605f
time-3.7.7.1 = 2011-06-28 17:39:05
version-3.7.8 = 3e0da808d2f5b4d12046e05980ca04578f581177
time-3.7.8 = 2011-09-19 18:00:00
version-3.7.9 = c7c6050ef060877ebe77b41d959e9df13f8c9b5e
time-3.7.9 = 2011-11-01 00:52:41
version-3.7.10 = ebd01a8deffb5024a5d7494eef800d2366d97204
time-3.7.10 = 2012-01-16 13:28:40
version-3.7.11 = 00bb9c9ce4f465e6ac321ced2a9d0062dc364669
time-3.7.11 = 2012-03-20 11:35:50
version-3.7.12 = 8654aa9540fe9fd210899d83d17f3f407096c004
time-3.7.12 = 2012-05-14 01:41:23
version-3.7.12.1 = 6d326d44fd1d626aae0e8456e5fa2049f1ce0789
time-3.7.12.1 = 2012-05-22 02:45:53
version-3.7.13 = f5b5a13f7394dc143aa136f1d4faba6839eaa6dc
time-3.7.13 = 2012-06-11 02:05:22
version-3.7.14 = c0d89d4a9752922f9e367362366efde4f1b06f2a
time-3.7.14 = 2012-09-03 15:42:36
version-3.7.14.1 = 091570e46d04e84b67228e0bdbcd6e1fb60c6bdb
time-3.7.14.1 = 2012-10-04 19:37:12
version-3.7.15 = cd0b37c52658bfdf992b1e3dc467bae1835a94ae
time-3.7.15 = 2012-12-12 13:36:53
version-3.7.15.1 = 6b85b767d0ff7975146156a99ad673f2c1a23318
time-3.7.15.1 = 2012-12-19 20:39:10
version-3.7.15.2 = c0e09560d26f0a6456be9dd3447f5311eb4f238f
time-3.7.15.2 = 2013-01-09 11:53:05
version-3.7.16 = 66d5f2b76750f3520eb7a495f6247206758f5b90
time-3.7.16 = 2013-03-18 11:39:23
version-3.7.16.1 = 527231bc67285f01fb18d4451b28f61da3c4e39d
time-3.7.16.1 = 2013-03-29 13:44:34
version-3.7.16.2 = cbea02d93865ce0e06789db95fd9168ebac970c7
time-3.7.16.2 = 2013-04-12 11:52:43
version-3.7.17 = 118a3b35693b134d56ebd780123b7fd6f1497668
time-3.7.17 = 2013-05-20 00:56:22
version-3.8.0 = f64cd21e2e23ed7cff48f7dafa5e76adde9321c2
time-3.8.0 = 2013-08-26 04:50:08
version-3.8.0.1 = 352362bc01660edfbda08179d60f09e2038a2f49
time-3.8.0.1 = 2013-08-29 17:35:01
version-3.8.0.2 = 7dd4968f235d6e1ca9547cda9cf3bd570e1609ef
time-3.8.0.2 = 2013-09-03 17:11:13
version-3.8.1 = c78be6d786c19073b3a6730dfe3fb1be54f5657a
time-3.8.1 = 2013-10-17 12:57:35
version-3.8.2 = 27392118af4c38c5203a04b8013e1afdb1cebd0d
time-3.8.2 = 2013-12-06 14:53:30
version-3.8.3 = e816dd924619db5f766de6df74ea2194f3e3b538
time-3.8.3 = 2014-02-03 13:52:03
version-3.8.3.1 = ea3317a4803d71d88183b29f1d3086f46d68a00e
time-3.8.3.1 = 2014-02-11 14:52:19
version-3.8.4 = 530a1ee7dc2435f80960ce4710a3c2d2bfaaccc5
time-3.8.4 = 2014-03-10 12:20:37
version-3.8.4.1 = 018d317b1257ce68a92908b05c9c7cf1494050d0
time-3.8.4.1 = 2014-03-11 15:27:36
version-3.8.4.2 = 02ea166372bdb2ef9d8dfbb05e78a97609673a8e
time-3.8.4.2 = 2014-03-26 18:51:19
version-3.8.4.3 = a611fa96c4a848614efe899130359c9f6fb889c3
time-3.8.4.3 = 2014-04-03 16:53:12
version-3.8.5 = b1ed4f2a34ba66c29b130f8d13e9092758019212
time-3.8.5 = 2014-06-04 14:06:34
version-3.8.6 = 9491ba7d738528f168657adb43a198238abde19e
time-3.8.6 = 2014-08-15 11:46:33
version-3.8.6.1 = 1581c30c389acb2af2c7040d3583c89d48f9bea5
time-3.8.6.1 = 2014-10-22 14:22:11
version-3.8.7 = e4ab094f8afce0817f4074e823fabe59fc29ebb4
time-3.8.7 = 2014-10-17 11:24:17
version-3.8.7.1 = 3b7b72c4685aa5cf5e675c2c47ebec10d9704221
time-3.8.7.1 = 2014-10-29 13:59:56
version-3.8.7.2 = 2ab564bf9655b7c7b97ab85cafc8a48329b27f93
time-3.8.7.2 = 2014-11-18 20:57:56
version-3.8.7.3 = 647e77e853e81a5effeb4c33477910400a67ba86
time-3.8.7.3 = 2014-12-05 22:29:24
version-3.8.7.4 = f66f7a17b78ba617acde90fc810107f34f1a1f2e
time-3.8.7.4 = 2014-12-09 01:34:36
version-3.8.8 = 7d68a42face3ab14ed88407d4331872f5b243fdf
time-3.8.8 = 2015-01-16 12:08:06
version-3.8.8.1 = f73337e3e289915a76ca96e7a05a1a8d4e890d55
time-3.8.8.1 = 2015-01-20 16:51:25
version-3.8.8.2 = 7757fc721220e136620a89c9d28247f28bbbc098
time-3.8.8.2 = 2015-01-30 14:30:45
version-3.8.8.3 = 9d6c1880fb75660bbabd693175579529785f8a6b
time-3.8.8.3 = 2015-02-25 13:29:11
version-3.8.9 = 8a8ffc862e96f57aa698f93de10dee28e69f6e09
time-3.8.9 = 2015-04-08 12:16:33
version-3.8.10 = cf975957b9ae671f34bb65f049acf351e650d437
time-3.8.10 = 2015-05-07 11:53:08
version-3.8.10.1 = 05b4b1f2a937c06c90db70c09890038f6c98ec40
time-3.8.10.1 = 2015-05-09 12:14:55
version-3.8.10.2 = 2ef4f3a5b1d1d0c4338f8243d40a2452cc1f7fe4
time-3.8.10.2 = 2015-05-20 18:17:19
version-3.8.11 = b8e92227a469de677a66da62e4361f099c0b79d0
time-3.8.11 = 2015-07-27 13:49:41
version-3.8.11.1 = cf538e2783e468bbc25e7cb2a9ee64d3e0e80b2f
time-3.8.11.1 = 2015-07-29 20:00:57
version-3.9.0 = a721fc0d89495518fe5612e2e3bbc60befd2e90d
time-3.9.0 = 2015-10-14 12:29:53
version-3.9.1 = 767c1727fec4ce11b83f25b3f1bfcfe68a2c8b02
time-3.9.1 = 2015-10-16 17:31:12
version-3.9.2 = bda77dda9697c463c3d0704014d51627fceee328
time-3.9.2 = 2015-11-02 18:31:45
version-3.9.3 = dfbfd34b3ff4d6da6f2db56e4664d7058f10c098
time-3.9.3 = 2016-03-31 21:36:06
version-3.10.0 = fd0a50f0797d154fefff724624f00548b5320566
time-3.10.0 = 2016-01-06 11:01:07
version-3.10.1 = 254419c36766225ca542ae873ed38255e3fb8588
time-3.10.1 = 2016-01-14 00:01:23
version-3.10.2 = 17efb4209f97fb4971656086b138599a91a75ff9
time-3.10.2 = 2016-01-20 15:27:19
version-3.11.0 = 3d862f207e3adc00f78066799ac5a8c282430a5f
time-3.11.0 = 2016-02-15 17:29:24
version-3.11.1 = f047920ce16971e573bc6ec9a48b118c9de2b3a7
time-3.11.1 = 2016-03-03 16:17:53
version-3.12.0 = e9bb4cf40f4971974a74468ef922bdee481c988b
time-3.12.0 = 2016-03-29 10:14:15
version-3.12.1 = fe7d3b75fe1bde41511b323925af8ae1b910bc4d
time-3.12.1 = 2016-04-08 15:09:49
version-3.12.2 = 92dc59fd5ad66f646666042eb04195e3a61a9e8e
time-3.12.2 = 2016-04-18 17:30:31
version-3.13.0 = fc49f556e48970561d7ab6a2f24fdd7d9eb81ff2
time-3.13.0 = 2016-05-18 10:57:30
version-3.14.0 = d5e98057028abcf7217d0d2b2e29bbbcdf09d6de
time-3.14.0 = 2016-08-08 13:40:27
version-3.14.1 = a12d8059770df4bca59e321c266410344242bf7b
time-3.14.1 = 2016-08-11 18:53:32
version-3.14.2 = 29dbef4b8585f753861a36d6dd102ca634197bd6
time-3.14.2 = 2016-09-12 18:50:49
version-3.15.0 = 707875582fcba352b4906a595ad89198d84711d8
time-3.15.0 = 2016-10-14 10:20:30
version-3.15.1 = 1136863c76576110e710dd5d69ab6bf347c65e36
time-3.15.1 = 2016-11-04 12:08:49
version-3.15.2 = bbd85d235f7037c6a033a9690534391ffeacecc8
time-3.15.2 = 2016-11-28 19:13:37
version-3.16.0 = 04ac0b75b1716541b2b97704f4809cb7ef19cccf
time-3.16.0 = 2017-01-02 11:57:58
version-3.16.1 = 979f04392853b8053817a3eea2fc679947b437fd
time-3.16.1 = 2017-01-03 18:27:03
version-3.16.2 = a65a62893ca8319e89e48b8a38cf8a59c69a8209
time-3.16.2 = 2017-01-06 16:32:41
version-3.17.0-rbu-fixes = 694fe0b22bfa13d91f5fcdbe0562cb31334ce017
time-3.17.0-rbu-fixes = 2017-03-07 14:47:02
version-3.17.0 = ada05cfa86ad7f5645450ac7a2a21c9aa6e57d2c
time-3.17.0 = 2017-02-13 16:02:40
version-3.18.0 = 424a0d380332858ee55bdebc4af3789f74e70a2b3ba1cf29d84b9b4bcf3e2e37
time-3.18.0 = 2017-03-28 18:48:43
version-3.18.1 = 77bb46233db03a3338bacf7e56f439be3dfd1926ea0c44d252eeafa7a7b31c06
time-3.18.1 = 2017-06-16 13:41:15
version-3.18.2 = 036ebf729e4b21035d7f4f8e35a6f705e6bf99887889e2dc14ebf2242e7930dd
time-3.18.2 = 2017-06-17 09:59:36
version-3.19.0 = 28a94eb282822cad1d1420f2dad6bf65e4b8b9062eda4a0b9ee8270b2c608e40
time-3.19.0 = 2017-05-22 13:58:13
version-3.19.1 = f6d7b988f40217821a382bc298180e9e6794f3ed79a83c6ef5cae048989b3f86
time-3.19.1 = 2017-05-24 13:08:33
version-3.19.2 = edb4e819b0c058c7d74d27ebd14cc5ceb2bad6a6144a486a970182b7afe3f8b9
time-3.19.2 = 2017-05-25 16:50:27
version-3.19.3 = 0ee482a1e0eae22e08edc8978c9733a96603d4509645f348ebf55b579e89636b
time-3.19.3 = 2017-06-08 14:26:16
version-3.19.4 = 605907e73adb4533b12d22be8422f17a8dc125b5c37bb391756a11fc3a8c4d10
time-3.19.4 = 2017-08-18 19:28:12
version-3.20.0 = 9501e22dfeebdcefa783575e47c60b514d7c2e0cad73b2a496c0bc4b680900a8
time-3.20.0 = 2017-08-01 13:24:15
version-3.20.1 = 8d3a7ea6c5690d6b7c3767558f4f01b511c55463e3f9e64506801fe9b74dce34
time-3.20.1 = 2017-08-24 16:21:36
version-3.21.0 = 1a584e499906b5c87ec7d43d4abce641fdf017c42125b083109bc77c4de48827
time-3.21.0 = 2017-10-24 18:55:49
version-3.22.0 = 0c55d179733b46d8d0ba4d88e01a25e10677046ee3da1d5b1581e86726f2171d
time-3.22.0 = 2018-01-22 18:45:57
version-3.23.0 = 736b53f57f70b23172c30880186dce7ad9baa3b74e3838cae5847cffb98f5cd2
time-3.23.0 = 2018-04-02 11:04:16
version-3.23.1 = 4bb2294022060e61de7da5c227a69ccd846ba330e31626ebcd59a94efd148b3b
time-3.23.1 = 2018-04-10 17:39:29
version-3.23.2 = f139f6f07df094a0a62e0a55ae7e91dc68006d55c9db7b244a945cc8216f55ff
time-3.23.2 = 2018-05-09 02:23:29
version-3.24.0 = c7ee0833225bfd8c5ec2f9bf62b97c4e04d03bd9566366d5221ac8fb199a87ca
time-3.24.0 = 2018-06-04 19:24:41
version-3.25.0 = b63af6c3bd33152742648d5d2e8dc5d5fcbcdd27df409272b6aea00a6f761760
time-3.25.0 = 2018-09-15 04:01:47
version-3.25.1 = 2ac9003de44da7dafa3fbb1915ac5725a9275c86bf2f3b7aa19321bf1460b386
time-3.25.1 = 2018-09-18 20:20:44
version-3.25.2 = fb90e7189ae6d62e77ba3a308ca5d683f90bbe633cf681865365b8e92792d1c7
time-3.25.2 = 2018-09-25 19:08:10
version-3.25.3 = 89e099fbe5e13c33e683bef07361231ca525b88f7907be7092058007b75036f2
time-3.25.3 = 2018-11-05 20:37:38
version-3.26.0 = bf8c1b2b7a5960c282e543b9c293686dccff272512d08865f4600fb58238b4f9
time-3.26.0 = 2018-12-01 12:34:55
version-3.27.0 = 97744701c3bd414e6c9d7182639d8c2ce7cf124c4fce625071ae65658ac61713
time-3.27.0 = 2019-02-07 17:02:52
version-3.27.1 = 0eca3dd3d38b31c92b49ca2d311128b74584714d9e7de895b1a6286ef959a1dd
time-3.27.1 = 2019-02-08 13:17:39
version-3.27.2 = bd49a8271d650fa89e446b42e513b595a717b9212c91dd384aab871fc1d0f6d7
time-3.27.2 = 2019-02-25 16:06:06
version-3.28.0 = 884b4b7e502b4e991677b53971277adfaf0a04a284f8e483e2553d0f83156b50
time-3.28.0 = 2019-04-16 19:49:53
version-3.29.0 = fc82b73eaac8b36950e527f12c4b5dc1e147e6f4ad2217ae43ad82882a88bfa6
time-3.29.0 = 2019-07-10 17:32:03
version-3.30.0 = c20a35336432025445f9f7e289d0cc3e4003fb17f45a4ce74c6269c407c6e09f
time-3.30.0 = 2019-10-04 15:03:17
version-3.30.1 = 18db032d058f1436ce3dea84081f4ee5a0f2259ad97301d43c426bc7f3df1b0b
time-3.30.1 = 2019-10-10 20:19:45
version-3.31.0 = f6affdd41608946fcfcea914ece149038a8b25a62bbe719ed2561c649b86d824
time-3.31.0 = 2020-01-22 18:38:59
version-3.31.1 = 3bfa9cc97da10598521b342961df8f5f68c7388fa117345eeb516eaa837bb4d6
time-3.31.1 = 2020-01-27 19:55:54
version-3.32.0 = 5998789c9c744bce92e4cff7636bba800a75574243d6977e1fc8281e360f8d5a
time-3.32.0 = 2020-05-22 17:46:16
version-3.32.1 = 0c1fcf4711a2e66c813aed38cf41cd3e2123ee8eb6db98118086764c4ba83350
time-3.32.1 = 2020-05-25 16:19:56
version-3.32.2 = ec02243ea6ce33b090870ae55ab8aa2534b54d216d45c4aa2fdbb00e86861e8c
time-3.32.2 = 2020-06-04 12:58:43
version-3.32.3 = 7ebdfa80be8e8e73324b8d66b3460222eb74c7e9dfd655b48d6ca7e1933cc8fd
time-3.32.3 = 2020-06-18 14:00:33
version-3.33.0 = fca8dc8b578f215a969cd899336378966156154710873e68b3d9ac5881b0ff3f
time-3.33.0 = 2020-08-14 13:23:32
version-3.34.0 = a26b6597e3ae272231b96f9982c3bcc17ddec2f2b6eb4df06a224b91089fed5b
time-3.34.0 = 2020-12-01 16:14:00
version-3.34.1 = 10e20c0b43500cfb9bbc0eaa061c57514f715d87238f4d835880cd846b9ebd1f
time-3.34.1 = 2021-01-20 14:10:07
version-3.35.0 = acd63062eb06748bfe9e4886639e4f2b54ea6a496a83f10716abbaba4115500b
time-3.35.0 = 2021-03-12 15:10:09
version-3.35.1 = aea12399bf1fdc76af43499d4624c3afa17c3e6c2459b71c195804bb98def66a
time-3.35.1 = 2021-03-15 16:53:57
version-3.35.2 = ea80f3002f4120f5dcee76e8779dfdc88e1e096c5cdd06904c20fd26d50c3827
time-3.35.2 = 2021-03-17 19:07:21
version-3.35.3 = 4c5e6c200adc8afe0814936c67a971efc516d1bd739cb620235592f18f40be2a
time-3.35.3 = 2021-03-26 12:12:52
version-3.35.4 = 5d4c65779dab868b285519b19e4cf9d451d50c6048f06f653aa701ec212df45e
time-3.35.4 = 2021-04-02 15:20:15
version-3.35.5 = 1b256d97b553a9611efca188a3d995a2fff712759044ba480f9a0c9e98fae886
time-3.35.5 = 2021-04-19 18:32:05
version-3.36.0 = 5c9a6c06871cb9fe42814af9c039eb6da5427a6ec28f187af7ebfb62eafa66e5
time-3.36.0 = 2021-06-18 18:36:39
version-3.37.0 = bd41822c7424d393a30e92ff6cb254d25c26769889c1499a18a0b9339f5d6c8a
time-3.37.0 = 2021-11-27 14:13:22
version-3.37.1 = 378629bf2ea546f73eee84063c5358439a12f7300e433f18c9e1bddd948dea62
time-3.37.1 = 2021-12-30 15:30:28
version-3.37.2 = 872ba256cbf61d9290b571c0e6d82a20c224ca3ad82971edc46b29818d5d17a0
time-3.37.2 = 2022-01-06 13:25:41
version-3.38.0 = 40fa792d359f84c3b9e9d6623743e1a59826274e221df1bde8f47086968a1bab
time-3.38.0 = 2022-02-22 18:58:40
version-3.38.1 = 38c210fdd258658321c85ec9c01a072fda3ada94540e3239d29b34dc547a8cbc
time-3.38.1 = 2022-03-12 13:37:29
version-3.38.2 = d33c709cc0af66bc5b6dc6216eba9f1f0b40960b9ae83694c986fbf4c1d6f08f
time-3.38.2 = 2022-03-26 13:51:10

